// !$*UTF8*$!
{
	archiveVersion = 1;
	classes = {
	};
	objectVersion = 46;
	objects = {

/* Begin PBXBuildFile section */
		FF96B6661B8432320055BF44 /* AppDelegate.swift in Sources */ = {isa = PBXBuildFile; fileRef = FF96B6651B8432320055BF44 /* AppDelegate.swift */; };
		FF96B6681B8432320055BF44 /* Images.xcassets in Resources */ = {isa = PBXBuildFile; fileRef = FF96B6671B8432320055BF44 /* Images.xcassets */; };
		FF96B66B1B8432320055BF44 /* MainMenu.xib in Resources */ = {isa = PBXBuildFile; fileRef = FF96B6691B8432320055BF44 /* MainMenu.xib */; };
		FF96B6771B8432320055BF44 /* ClonCityTests.swift in Sources */ = {isa = PBXBuildFile; fileRef = FF96B6761B8432320055BF44 /* ClonCityTests.swift */; };
		FF96B68B1B856AA60055BF44 /* CCMainGameViewController.swift in Sources */ = {isa = PBXBuildFile; fileRef = FF96B68A1B856AA60055BF44 /* CCMainGameViewController.swift */; };
		FF96B68D1B856B2D0055BF44 /* CCMainGameView.swift in Sources */ = {isa = PBXBuildFile; fileRef = FF96B68C1B856B2D0055BF44 /* CCMainGameView.swift */; };
		FF96B68F1B856BAD0055BF44 /* CCMinimapGameView.swift in Sources */ = {isa = PBXBuildFile; fileRef = FF96B68E1B856BAD0055BF44 /* CCMinimapGameView.swift */; };
		FFECABD41B86349B005D51EF /* CCCityModel.swift in Sources */ = {isa = PBXBuildFile; fileRef = FFECABD31B86349B005D51EF /* CCCityModel.swift */; };
		FFECABD61B866BA2005D51EF /* CCMapModel.swift in Sources */ = {isa = PBXBuildFile; fileRef = FFECABD51B866BA2005D51EF /* CCMapModel.swift */; };
		FFECABDA1B86743B005D51EF /* CCMainGameWindowController.swift in Sources */ = {isa = PBXBuildFile; fileRef = FFECABD91B86743B005D51EF /* CCMainGameWindowController.swift */; };
/* End PBXBuildFile section */

/* Begin PBXContainerItemProxy section */
		FF96B6711B8432320055BF44 /* PBXContainerItemProxy */ = {
			isa = PBXContainerItemProxy;
			containerPortal = FF96B6581B8432320055BF44 /* Project object */;
			proxyType = 1;
			remoteGlobalIDString = FF96B65F1B8432320055BF44;
			remoteInfo = ClonCity;
		};
/* End PBXContainerItemProxy section */

/* Begin PBXFileReference section */
		FF96B6601B8432320055BF44 /* ClonCity.app */ = {isa = PBXFileReference; explicitFileType = wrapper.application; includeInIndex = 0; path = ClonCity.app; sourceTree = BUILT_PRODUCTS_DIR; };
		FF96B6641B8432320055BF44 /* Info.plist */ = {isa = PBXFileReference; lastKnownFileType = text.plist.xml; path = Info.plist; sourceTree = "<group>"; };
		FF96B6651B8432320055BF44 /* AppDelegate.swift */ = {isa = PBXFileReference; lastKnownFileType = sourcecode.swift; path = AppDelegate.swift; sourceTree = "<group>"; };
		FF96B6671B8432320055BF44 /* Images.xcassets */ = {isa = PBXFileReference; lastKnownFileType = folder.assetcatalog; path = Images.xcassets; sourceTree = "<group>"; };
		FF96B66A1B8432320055BF44 /* Base */ = {isa = PBXFileReference; lastKnownFileType = file.xib; name = Base; path = Base.lproj/MainMenu.xib; sourceTree = "<group>"; };
		FF96B6701B8432320055BF44 /* ClonCityTests.xctest */ = {isa = PBXFileReference; explicitFileType = wrapper.cfbundle; includeInIndex = 0; path = ClonCityTests.xctest; sourceTree = BUILT_PRODUCTS_DIR; };
		FF96B6751B8432320055BF44 /* Info.plist */ = {isa = PBXFileReference; lastKnownFileType = text.plist.xml; path = Info.plist; sourceTree = "<group>"; };
		FF96B6761B8432320055BF44 /* ClonCityTests.swift */ = {isa = PBXFileReference; lastKnownFileType = sourcecode.swift; path = ClonCityTests.swift; sourceTree = "<group>"; };
		FF96B68A1B856AA60055BF44 /* CCMainGameViewController.swift */ = {isa = PBXFileReference; fileEncoding = 4; lastKnownFileType = sourcecode.swift; path = CCMainGameViewController.swift; sourceTree = "<group>"; };
		FF96B68C1B856B2D0055BF44 /* CCMainGameView.swift */ = {isa = PBXFileReference; fileEncoding = 4; lastKnownFileType = sourcecode.swift; path = CCMainGameView.swift; sourceTree = "<group>"; };
		FF96B68E1B856BAD0055BF44 /* CCMinimapGameView.swift */ = {isa = PBXFileReference; fileEncoding = 4; lastKnownFileType = sourcecode.swift; path = CCMinimapGameView.swift; sourceTree = "<group>"; };
		FFECABD31B86349B005D51EF /* CCCityModel.swift */ = {isa = PBXFileReference; fileEncoding = 4; lastKnownFileType = sourcecode.swift; path = CCCityModel.swift; sourceTree = "<group>"; };
		FFECABD51B866BA2005D51EF /* CCMapModel.swift */ = {isa = PBXFileReference; fileEncoding = 4; lastKnownFileType = sourcecode.swift; path = CCMapModel.swift; sourceTree = "<group>"; };
		FFECABD91B86743B005D51EF /* CCMainGameWindowController.swift */ = {isa = PBXFileReference; fileEncoding = 4; lastKnownFileType = sourcecode.swift; path = CCMainGameWindowController.swift; sourceTree = "<group>"; };
/* End PBXFileReference section */

/* Begin PBXFrameworksBuildPhase section */
		FF96B65D1B8432320055BF44 /* Frameworks */ = {
			isa = PBXFrameworksBuildPhase;
			buildActionMask = 2147483647;
			files = (
			);
			runOnlyForDeploymentPostprocessing = 0;
		};
		FF96B66D1B8432320055BF44 /* Frameworks */ = {
			isa = PBXFrameworksBuildPhase;
			buildActionMask = 2147483647;
			files = (
			);
			runOnlyForDeploymentPostprocessing = 0;
		};
/* End PBXFrameworksBuildPhase section */

/* Begin PBXGroup section */
		FF96B6571B8432320055BF44 = {
			isa = PBXGroup;
			children = (
				FF96B6621B8432320055BF44 /* ClonCity */,
				FF96B6731B8432320055BF44 /* ClonCityTests */,
				FF96B6611B8432320055BF44 /* Products */,
			);
			sourceTree = "<group>";
		};
		FF96B6611B8432320055BF44 /* Products */ = {
			isa = PBXGroup;
			children = (
				FF96B6601B8432320055BF44 /* ClonCity.app */,
				FF96B6701B8432320055BF44 /* ClonCityTests.xctest */,
			);
			name = Products;
			sourceTree = "<group>";
		};
		FF96B6621B8432320055BF44 /* ClonCity */ = {
			isa = PBXGroup;
			children = (
				FFECABD91B86743B005D51EF /* CCMainGameWindowController.swift */,
				FF96B68C1B856B2D0055BF44 /* CCMainGameView.swift */,
				FF96B68E1B856BAD0055BF44 /* CCMinimapGameView.swift */,
				FF96B6651B8432320055BF44 /* AppDelegate.swift */,
				FF96B6671B8432320055BF44 /* Images.xcassets */,
				FF96B6691B8432320055BF44 /* MainMenu.xib */,
				FF96B68A1B856AA60055BF44 /* CCMainGameViewController.swift */,
				FF96B6631B8432320055BF44 /* Supporting Files */,
				FFECABD31B86349B005D51EF /* CCCityModel.swift */,
				FFECABD51B866BA2005D51EF /* CCMapModel.swift */,
			);
			path = ClonCity;
			sourceTree = "<group>";
		};
		FF96B6631B8432320055BF44 /* Supporting Files */ = {
			isa = PBXGroup;
			children = (
				FF96B6641B8432320055BF44 /* Info.plist */,
			);
			name = "Supporting Files";
			sourceTree = "<group>";
		};
		FF96B6731B8432320055BF44 /* ClonCityTests */ = {
			isa = PBXGroup;
			children = (
				FF96B6761B8432320055BF44 /* ClonCityTests.swift */,
				FF96B6741B8432320055BF44 /* Supporting Files */,
			);
			path = ClonCityTests;
			sourceTree = "<group>";
		};
		FF96B6741B8432320055BF44 /* Supporting Files */ = {
			isa = PBXGroup;
			children = (
				FF96B6751B8432320055BF44 /* Info.plist */,
			);
			name = "Supporting Files";
			sourceTree = "<group>";
		};
/* End PBXGroup section */

/* Begin PBXNativeTarget section */
		FF96B65F1B8432320055BF44 /* ClonCity */ = {
			isa = PBXNativeTarget;
			buildConfigurationList = FF96B67A1B8432320055BF44 /* Build configuration list for PBXNativeTarget "ClonCity" */;
			buildPhases = (
				FF96B65C1B8432320055BF44 /* Sources */,
				FF96B65D1B8432320055BF44 /* Frameworks */,
				FF96B65E1B8432320055BF44 /* Resources */,
			);
			buildRules = (
			);
			dependencies = (
			);
			name = ClonCity;
			productName = ClonCity;
			productReference = FF96B6601B8432320055BF44 /* ClonCity.app */;
			productType = "com.apple.product-type.application";
		};
		FF96B66F1B8432320055BF44 /* ClonCityTests */ = {
			isa = PBXNativeTarget;
			buildConfigurationList = FF96B67D1B8432320055BF44 /* Build configuration list for PBXNativeTarget "ClonCityTests" */;
			buildPhases = (
				FF96B66C1B8432320055BF44 /* Sources */,
				FF96B66D1B8432320055BF44 /* Frameworks */,
				FF96B66E1B8432320055BF44 /* Resources */,
			);
			buildRules = (
			);
			dependencies = (
				FF96B6721B8432320055BF44 /* PBXTargetDependency */,
			);
			name = ClonCityTests;
			productName = ClonCityTests;
			productReference = FF96B6701B8432320055BF44 /* ClonCityTests.xctest */;
			productType = "com.apple.product-type.bundle.unit-test";
		};
/* End PBXNativeTarget section */

/* Begin PBXProject section */
		FF96B6581B8432320055BF44 /* Project object */ = {
			isa = PBXProject;
			attributes = {
				LastUpgradeCheck = 0640;
				ORGANIZATIONNAME = "Marco Benzi Tobar";
				TargetAttributes = {
					FF96B65F1B8432320055BF44 = {
						CreatedOnToolsVersion = 6.4;
					};
					FF96B66F1B8432320055BF44 = {
						CreatedOnToolsVersion = 6.4;
						TestTargetID = FF96B65F1B8432320055BF44;
					};
				};
			};
			buildConfigurationList = FF96B65B1B8432320055BF44 /* Build configuration list for PBXProject "ClonCity" */;
			compatibilityVersion = "Xcode 3.2";
			developmentRegion = English;
			hasScannedForEncodings = 0;
			knownRegions = (
				en,
				Base,
			);
			mainGroup = FF96B6571B8432320055BF44;
			productRefGroup = FF96B6611B8432320055BF44 /* Products */;
			projectDirPath = "";
			projectRoot = "";
			targets = (
				FF96B65F1B8432320055BF44 /* ClonCity */,
				FF96B66F1B8432320055BF44 /* ClonCityTests */,
			);
		};
/* End PBXProject section */

/* Begin PBXResourcesBuildPhase section */
		FF96B65E1B8432320055BF44 /* Resources */ = {
			isa = PBXResourcesBuildPhase;
			buildActionMask = 2147483647;
			files = (
				FF96B6681B8432320055BF44 /* Images.xcassets in Resources */,
				FF96B66B1B8432320055BF44 /* MainMenu.xib in Resources */,
			);
			runOnlyForDeploymentPostprocessing = 0;
		};
		FF96B66E1B8432320055BF44 /* Resources */ = {
			isa = PBXResourcesBuildPhase;
			buildActionMask = 2147483647;
			files = (
			);
			runOnlyForDeploymentPostprocessing = 0;
		};
/* End PBXResourcesBuildPhase section */

/* Begin PBXSourcesBuildPhase section */
		FF96B65C1B8432320055BF44 /* Sources */ = {
			isa = PBXSourcesBuildPhase;
			buildActionMask = 2147483647;
			files = (
				FF96B68F1B856BAD0055BF44 /* CCMinimapGameView.swift in Sources */,
				FF96B6661B8432320055BF44 /* AppDelegate.swift in Sources */,
				FFECABD61B866BA2005D51EF /* CCMapModel.swift in Sources */,
				FFECABD41B86349B005D51EF /* CCCityModel.swift in Sources */,
				FF96B68D1B856B2D0055BF44 /* CCMainGameView.swift in Sources */,
				FFECABDA1B86743B005D51EF /* CCMainGameWindowController.swift in Sources */,
				FF96B68B1B856AA60055BF44 /* CCMainGameViewController.swift in Sources */,
			);
			runOnlyForDeploymentPostprocessing = 0;
		};
		FF96B66C1B8432320055BF44 /* Sources */ = {
			isa = PBXSourcesBuildPhase;
			buildActionMask = 2147483647;
			files = (
				FF96B6771B8432320055BF44 /* ClonCityTests.swift in Sources */,
			);
			runOnlyForDeploymentPostprocessing = 0;
		};
/* End PBXSourcesBuildPhase section */

/* Begin PBXTargetDependency section */
		FF96B6721B8432320055BF44 /* PBXTargetDependency */ = {
			isa = PBXTargetDependency;
			target = FF96B65F1B8432320055BF44 /* ClonCity */;
			targetProxy = FF96B6711B8432320055BF44 /* PBXContainerItemProxy */;
		};
/* End PBXTargetDependency section */

/* Begin PBXVariantGroup section */
		FF96B6691B8432320055BF44 /* MainMenu.xib */ = {
			isa = PBXVariantGroup;
			children = (
				FF96B66A1B8432320055BF44 /* Base */,
			);
			name = MainMenu.xib;
			sourceTree = "<group>";
		};
/* End PBXVariantGroup section */

/* Begin XCBuildConfiguration section */
		FF96B6781B8432320055BF44 /* Debug */ = {
			isa = XCBuildConfiguration;
			buildSettings = {
				ALWAYS_SEARCH_USER_PATHS = NO;
				CLANG_CXX_LANGUAGE_STANDARD = "gnu++0x";
				CLANG_CXX_LIBRARY = "libc++";
				CLANG_ENABLE_MODULES = YES;
				CLANG_ENABLE_OBJC_ARC = YES;
				CLANG_WARN_BOOL_CONVERSION = YES;
				CLANG_WARN_CONSTANT_CONVERSION = YES;
				CLANG_WARN_DIRECT_OBJC_ISA_USAGE = YES_ERROR;
				CLANG_WARN_EMPTY_BODY = YES;
				CLANG_WARN_ENUM_CONVERSION = YES;
				CLANG_WARN_INT_CONVERSION = YES;
				CLANG_WARN_OBJC_ROOT_CLASS = YES_ERROR;
				CLANG_WARN_UNREACHABLE_CODE = YES;
				CLANG_WARN__DUPLICATE_METHOD_MATCH = YES;
				CODE_SIGN_IDENTITY = "-";
				COPY_PHASE_STRIP = NO;
				DEBUG_INFORMATION_FORMAT = dwarf;
				ENABLE_STRICT_OBJC_MSGSEND = YES;
				GCC_C_LANGUAGE_STANDARD = gnu99;
				GCC_DYNAMIC_NO_PIC = NO;
				GCC_NO_COMMON_BLOCKS = YES;
				GCC_OPTIMIZATION_LEVEL = 0;
				GCC_PREPROCESSOR_DEFINITIONS = (
					"DEBUG=1",
					"$(inherited)",
				);
				GCC_SYMBOLS_PRIVATE_EXTERN = NO;
				GCC_WARN_64_TO_32_BIT_CONVERSION = YES;
				GCC_WARN_ABOUT_RETURN_TYPE = YES_ERROR;
				GCC_WARN_UNDECLARED_SELECTOR = YES;
				GCC_WARN_UNINITIALIZED_AUTOS = YES_AGGRESSIVE;
				GCC_WARN_UNUSED_FUNCTION = YES;
				GCC_WARN_UNUSED_VARIABLE = YES;
				MACOSX_DEPLOYMENT_TARGET = 10.10;
				MTL_ENABLE_DEBUG_INFO = YES;
				ONLY_ACTIVE_ARCH = YES;
				SDKROOT = macosx;
				SWIFT_OPTIMIZATION_LEVEL = "-Onone";
			};
			name = Debug;
		};
		FF96B6791B8432320055BF44 /* Release */ = {
			isa = XCBuildConfiguration;
			buildSettings = {
				ALWAYS_SEARCH_USER_PATHS = NO;
				CLANG_CXX_LANGUAGE_STANDARD = "gnu++0x";
				CLANG_CXX_LIBRARY = "libc++";
				CLANG_ENABLE_MODULES = YES;
				CLANG_ENABLE_OBJC_ARC = YES;
				CLANG_WARN_BOOL_CONVERSION = YES;
				CLANG_WARN_CONSTANT_CONVERSION = YES;
				CLANG_WARN_DIRECT_OBJC_ISA_USAGE = YES_ERROR;
				CLANG_WARN_EMPTY_BODY = YES;
				CLANG_WARN_ENUM_CONVERSION = YES;
				CLANG_WARN_INT_CONVERSION = YES;
				CLANG_WARN_OBJC_ROOT_CLASS = YES_ERROR;
				CLANG_WARN_UNREACHABLE_CODE = YES;
				CLANG_WARN__DUPLICATE_METHOD_MATCH = YES;
				CODE_SIGN_IDENTITY = "-";
				COPY_PHASE_STRIP = NO;
				DEBUG_INFORMATION_FORMAT = "dwarf-with-dsym";
				ENABLE_NS_ASSERTIONS = NO;
				ENABLE_STRICT_OBJC_MSGSEND = YES;
				GCC_C_LANGUAGE_STANDARD = gnu99;
				GCC_NO_COMMON_BLOCKS = YES;
				GCC_WARN_64_TO_32_BIT_CONVERSION = YES;
				GCC_WARN_ABOUT_RETURN_TYPE = YES_ERROR;
				GCC_WARN_UNDECLARED_SELECTOR = YES;
				GCC_WARN_UNINITIALIZED_AUTOS = YES_AGGRESSIVE;
				GCC_WARN_UNUSED_FUNCTION = YES;
				GCC_WARN_UNUSED_VARIABLE = YES;
				MACOSX_DEPLOYMENT_TARGET = 10.10;
				MTL_ENABLE_DEBUG_INFO = NO;
				SDKROOT = macosx;
			};
			name = Release;
		};
		FF96B67B1B8432320055BF44 /* Debug */ = {
			isa = XCBuildConfiguration;
			buildSettings = {
				ASSETCATALOG_COMPILER_APPICON_NAME = AppIcon;
				COMBINE_HIDPI_IMAGES = YES;
				INFOPLIST_FILE = ClonCity/Info.plist;
				LD_RUNPATH_SEARCH_PATHS = "$(inherited) @executable_path/../Frameworks";
				PRODUCT_NAME = "$(TARGET_NAME)";
			};
			name = Debug;
		};
		FF96B67C1B8432320055BF44 /* Release */ = {
			isa = XCBuildConfiguration;
			buildSettings = {
				ASSETCATALOG_COMPILER_APPICON_NAME = AppIcon;
				COMBINE_HIDPI_IMAGES = YES;
				INFOPLIST_FILE = ClonCity/Info.plist;
				LD_RUNPATH_SEARCH_PATHS = "$(inherited) @executable_path/../Frameworks";
				PRODUCT_NAME = "$(TARGET_NAME)";
			};
			name = Release;
		};
		FF96B67E1B8432320055BF44 /* Debug */ = {
			isa = XCBuildConfiguration;
			buildSettings = {
				BUNDLE_LOADER = "$(TEST_HOST)";
				COMBINE_HIDPI_IMAGES = YES;
				FRAMEWORK_SEARCH_PATHS = (
					"$(DEVELOPER_FRAMEWORKS_DIR)",
					"$(inherited)",
				);
				GCC_PREPROCESSOR_DEFINITIONS = (
					"DEBUG=1",
					"$(inherited)",
				);
				INFOPLIST_FILE = ClonCityTests/Info.plist;
				LD_RUNPATH_SEARCH_PATHS = "$(inherited) @executable_path/../Frameworks @loader_path/../Frameworks";
				PRODUCT_NAME = "$(TARGET_NAME)";
				TEST_HOST = "$(BUILT_PRODUCTS_DIR)/ClonCity.app/Contents/MacOS/ClonCity";
			};
			name = Debug;
		};
		FF96B67F1B8432320055BF44 /* Release */ = {
			isa = XCBuildConfiguration;
			buildSettings = {
				BUNDLE_LOADER = "$(TEST_HOST)";
				COMBINE_HIDPI_IMAGES = YES;
				FRAMEWORK_SEARCH_PATHS = (
					"$(DEVELOPER_FRAMEWORKS_DIR)",
					"$(inherited)",
				);
				INFOPLIST_FILE = ClonCityTests/Info.plist;
				LD_RUNPATH_SEARCH_PATHS = "$(inherited) @executable_path/../Frameworks @loader_path/../Frameworks";
				PRODUCT_NAME = "$(TARGET_NAME)";
				TEST_HOST = "$(BUILT_PRODUCTS_DIR)/ClonCity.app/Contents/MacOS/ClonCity";
			};
			name = Release;
		};
/* End XCBuildConfiguration section */

/* Begin XCConfigurationList section */
		FF96B65B1B8432320055BF44 /* Build configuration list for PBXProject "ClonCity" */ = {
			isa = XCConfigurationList;
			buildConfigurations = (
				FF96B6781B8432320055BF44 /* Debug */,
				FF96B6791B8432320055BF44 /* Release */,
			);
			defaultConfigurationIsVisible = 0;
			defaultConfigurationName = Release;
		};
		FF96B67A1B8432320055BF44 /* Build configuration list for PBXNativeTarget "ClonCity" */ = {
			isa = XCConfigurationList;
			buildConfigurations = (
				FF96B67B1B8432320055BF44 /* Debug */,
				FF96B67C1B8432320055BF44 /* Release */,
			);
			defaultConfigurationIsVisible = 0;
			defaultConfigurationName = Release;
		};
		FF96B67D1B8432320055BF44 /* Build configuration list for PBXNativeTarget "ClonCityTests" */ = {
			isa = XCConfigurationList;
			buildConfigurations = (
				FF96B67E1B8432320055BF44 /* Debug */,
				FF96B67F1B8432320055BF44 /* Release */,
			);
			defaultConfigurationIsVisible = 0;
			defaultConfigurationName = Release;
		};
/* End XCConfigurationList section */
	};
	rootObject = FF96B6581B8432320055BF44 /* Project object */;
}
